<?xml version="1.0" encoding="utf-8"?>
<Project ToolsVersion="12.0" xmlns="http://schemas.microsoft.com/developer/msbuild/2003">
  <ItemGroup>
    <ClCompile Include="src\Entry.cpp" />
    <ClCompile Include="src\Core\DebugConsole.cpp" />
    <ClCompile Include="src\Core\Util\CELLCallbackHelpers.cpp" />
    <ClCompile Include="src\Input\Pad.cpp" />
    <ClCompile Include="src\Input\PadUtility.cpp" />
    <ClCompile Include="src\Rendering\Context\GraphicsContext.cpp" />
    <ClCompile Include="src\Rendering\Renderer.cpp" />
    <ClCompile Include="src\Rendering\Debug\StatsConsole.cpp" />
  </ItemGroup>
  <ItemGroup>
    <ClInclude Include="src\Core\Core.h" />
    <ClInclude Include="src\Core\DebugConsole.h" />
    <ClInclude Include="src\Core\DeltaTime.h" />
    <ClInclude Include="src\Core\Util\CELLCallbackHelpers.h" />
    <ClInclude Include="src\Input\Pad.h" />
    <ClInclude Include="src\Input\PadUtility.h" />
    <ClInclude Include="src\Rendering\Context\GraphicsContext.h" />
    <ClInclude Include="src\Rendering\Renderer.h" />
    <ClInclude Include="src\Rendering\Debug\StatsConsole.h" />
  </ItemGroup>
</Project>